// !$*UTF8*$!
{
	archiveVersion = 1;
	classes = {
	};
	objectVersion = 46;
	objects = {

/* Begin PBXBuildFile section */
		91D11C5916C8F22E00BFEAB2 /* UIKit.framework in Frameworks */ = {isa = PBXBuildFile; fileRef = 91D11C5816C8F22E00BFEAB2 /* UIKit.framework */; };
		91D11C5B16C8F22E00BFEAB2 /* Foundation.framework in Frameworks */ = {isa = PBXBuildFile; fileRef = 91D11C5A16C8F22E00BFEAB2 /* Foundation.framework */; };
		91D11C5D16C8F22E00BFEAB2 /* CoreGraphics.framework in Frameworks */ = {isa = PBXBuildFile; fileRef = 91D11C5C16C8F22E00BFEAB2 /* CoreGraphics.framework */; };
		91D11C6316C8F22E00BFEAB2 /* InfoPlist.strings in Resources */ = {isa = PBXBuildFile; fileRef = 91D11C6116C8F22E00BFEAB2 /* InfoPlist.strings */; };
		91D11C6516C8F22E00BFEAB2 /* main.m in Sources */ = {isa = PBXBuildFile; fileRef = 91D11C6416C8F22E00BFEAB2 /* main.m */; };
		91D11C6916C8F22E00BFEAB2 /* NRAppDelegate.m in Sources */ = {isa = PBXBuildFile; fileRef = 91D11C6816C8F22E00BFEAB2 /* NRAppDelegate.m */; };
		91D11C6B16C8F22E00BFEAB2 /* Default.png in Resources */ = {isa = PBXBuildFile; fileRef = 91D11C6A16C8F22E00BFEAB2 /* Default.png */; };
		91D11C6D16C8F22E00BFEAB2 /* Default@2x.png in Resources */ = {isa = PBXBuildFile; fileRef = 91D11C6C16C8F22E00BFEAB2 /* Default@2x.png */; };
		91D11C6F16C8F22E00BFEAB2 /* Default-568h@2x.png in Resources */ = {isa = PBXBuildFile; fileRef = 91D11C6E16C8F22E00BFEAB2 /* Default-568h@2x.png */; };
		91D11C7216C8F22E00BFEAB2 /* MainStoryboard.storyboard in Resources */ = {isa = PBXBuildFile; fileRef = 91D11C7016C8F22E00BFEAB2 /* MainStoryboard.storyboard */; };
/* End PBXBuildFile section */

/* Begin PBXFileReference section */
		91D11C5516C8F22E00BFEAB2 /* FindUnprefixedClasses.app */ = {isa = PBXFileReference; explicitFileType = wrapper.application; includeInIndex = 0; path = FindUnprefixedClasses.app; sourceTree = BUILT_PRODUCTS_DIR; };
		91D11C5816C8F22E00BFEAB2 /* UIKit.framework */ = {isa = PBXFileReference; lastKnownFileType = wrapper.framework; name = UIKit.framework; path = System/Library/Frameworks/UIKit.framework; sourceTree = SDKROOT; };
		91D11C5A16C8F22E00BFEAB2 /* Foundation.framework */ = {isa = PBXFileReference; lastKnownFileType = wrapper.framework; name = Foundation.framework; path = System/Library/Frameworks/Foundation.framework; sourceTree = SDKROOT; };
		91D11C5C16C8F22E00BFEAB2 /* CoreGraphics.framework */ = {isa = PBXFileReference; lastKnownFileType = wrapper.framework; name = CoreGraphics.framework; path = System/Library/Frameworks/CoreGraphics.framework; sourceTree = SDKROOT; };
		91D11C6016C8F22E00BFEAB2 /* FindUnprefixedClasses-Info.plist */ = {isa = PBXFileReference; lastKnownFileType = text.plist.xml; path = "FindUnprefixedClasses-Info.plist"; sourceTree = "<group>"; };
		91D11C6216C8F22E00BFEAB2 /* en */ = {isa = PBXFileReference; lastKnownFileType = text.plist.strings; name = en; path = en.lproj/InfoPlist.strings; sourceTree = "<group>"; };
		91D11C6416C8F22E00BFEAB2 /* main.m */ = {isa = PBXFileReference; lastKnownFileType = sourcecode.c.objc; path = main.m; sourceTree = "<group>"; };
		91D11C6616C8F22E00BFEAB2 /* FindUnprefixedClasses-Prefix.pch */ = {isa = PBXFileReference; lastKnownFileType = sourcecode.c.h; path = "FindUnprefixedClasses-Prefix.pch"; sourceTree = "<group>"; };
		91D11C6716C8F22E00BFEAB2 /* NRAppDelegate.h */ = {isa = PBXFileReference; lastKnownFileType = sourcecode.c.h; path = NRAppDelegate.h; sourceTree = "<group>"; };
		91D11C6816C8F22E00BFEAB2 /* NRAppDelegate.m */ = {isa = PBXFileReference; lastKnownFileType = sourcecode.c.objc; path = NRAppDelegate.m; sourceTree = "<group>"; };
		91D11C6A16C8F22E00BFEAB2 /* Default.png */ = {isa = PBXFileReference; lastKnownFileType = image.png; path = Default.png; sourceTree = "<group>"; };
		91D11C6C16C8F22E00BFEAB2 /* Default@2x.png */ = {isa = PBXFileReference; lastKnownFileType = image.png; path = "Default@2x.png"; sourceTree = "<group>"; };
		91D11C6E16C8F22E00BFEAB2 /* Default-568h@2x.png */ = {isa = PBXFileReference; lastKnownFileType = image.png; path = "Default-568h@2x.png"; sourceTree = "<group>"; };
		91D11C7116C8F22E00BFEAB2 /* en */ = {isa = PBXFileReference; lastKnownFileType = file.storyboard; name = en; path = en.lproj/MainStoryboard.storyboard; sourceTree = "<group>"; };
		91D11C7B16C90F6900BFEAB2 /* README.md */ = {isa = PBXFileReference; lastKnownFileType = text; path = README.md; sourceTree = "<group>"; };
/* End PBXFileReference section */

/* Begin PBXFrameworksBuildPhase section */
		91D11C5216C8F22E00BFEAB2 /* Frameworks */ = {
			isa = PBXFrameworksBuildPhase;
			buildActionMask = 2147483647;
			files = (
				91D11C5916C8F22E00BFEAB2 /* UIKit.framework in Frameworks */,
				91D11C5B16C8F22E00BFEAB2 /* Foundation.framework in Frameworks */,
				91D11C5D16C8F22E00BFEAB2 /* CoreGraphics.framework in Frameworks */,
			);
			runOnlyForDeploymentPostprocessing = 0;
		};
/* End PBXFrameworksBuildPhase section */

/* Begin PBXGroup section */
		91D11C4C16C8F22E00BFEAB2 = {
			isa = PBXGroup;
			children = (
				91D11C7B16C90F6900BFEAB2 /* README.md */,
				91D11C5E16C8F22E00BFEAB2 /* FindUnprefixedClasses */,
				91D11C5716C8F22E00BFEAB2 /* Frameworks */,
				91D11C5616C8F22E00BFEAB2 /* Products */,
			);
			sourceTree = "<group>";
		};
		91D11C5616C8F22E00BFEAB2 /* Products */ = {
			isa = PBXGroup;
			children = (
				91D11C5516C8F22E00BFEAB2 /* FindUnprefixedClasses.app */,
			);
			name = Products;
			sourceTree = "<group>";
		};
		91D11C5716C8F22E00BFEAB2 /* Frameworks */ = {
			isa = PBXGroup;
			children = (
				91D11C5816C8F22E00BFEAB2 /* UIKit.framework */,
				91D11C5A16C8F22E00BFEAB2 /* Foundation.framework */,
				91D11C5C16C8F22E00BFEAB2 /* CoreGraphics.framework */,
			);
			name = Frameworks;
			sourceTree = "<group>";
		};
		91D11C5E16C8F22E00BFEAB2 /* FindUnprefixedClasses */ = {
			isa = PBXGroup;
			children = (
				91D11C6716C8F22E00BFEAB2 /* NRAppDelegate.h */,
				91D11C6816C8F22E00BFEAB2 /* NRAppDelegate.m */,
				91D11C7016C8F22E00BFEAB2 /* MainStoryboard.storyboard */,
				91D11C5F16C8F22E00BFEAB2 /* Supporting Files */,
			);
			path = FindUnprefixedClasses;
			sourceTree = "<group>";
		};
		91D11C5F16C8F22E00BFEAB2 /* Supporting Files */ = {
			isa = PBXGroup;
			children = (
				91D11C6016C8F22E00BFEAB2 /* FindUnprefixedClasses-Info.plist */,
				91D11C6116C8F22E00BFEAB2 /* InfoPlist.strings */,
				91D11C6416C8F22E00BFEAB2 /* main.m */,
				91D11C6616C8F22E00BFEAB2 /* FindUnprefixedClasses-Prefix.pch */,
				91D11C6A16C8F22E00BFEAB2 /* Default.png */,
				91D11C6C16C8F22E00BFEAB2 /* Default@2x.png */,
				91D11C6E16C8F22E00BFEAB2 /* Default-568h@2x.png */,
			);
			name = "Supporting Files";
			sourceTree = "<group>";
		};
/* End PBXGroup section */

/* Begin PBXNativeTarget section */
		91D11C5416C8F22E00BFEAB2 /* FindUnprefixedClasses */ = {
			isa = PBXNativeTarget;
			buildConfigurationList = 91D11C7816C8F22E00BFEAB2 /* Build configuration list for PBXNativeTarget "FindUnprefixedClasses" */;
			buildPhases = (
				91D11C5116C8F22E00BFEAB2 /* Sources */,
				91D11C5216C8F22E00BFEAB2 /* Frameworks */,
				91D11C5316C8F22E00BFEAB2 /* Resources */,
			);
			buildRules = (
			);
			dependencies = (
			);
			name = FindUnprefixedClasses;
			productName = FindUnprefixedClasses;
			productReference = 91D11C5516C8F22E00BFEAB2 /* FindUnprefixedClasses.app */;
			productType = "com.apple.product-type.application";
		};
/* End PBXNativeTarget section */

/* Begin PBXProject section */
		91D11C4D16C8F22E00BFEAB2 /* Project object */ = {
			isa = PBXProject;
			attributes = {
				CLASSPREFIX = NR;
				LastUpgradeCheck = 0460;
				ORGANIZATIONNAME = "Savoy Software";
			};
			buildConfigurationList = 91D11C5016C8F22E00BFEAB2 /* Build configuration list for PBXProject "FindUnprefixedClasses" */;
			compatibilityVersion = "Xcode 3.2";
			developmentRegion = English;
			hasScannedForEncodings = 0;
			knownRegions = (
				en,
			);
			mainGroup = 91D11C4C16C8F22E00BFEAB2;
			productRefGroup = 91D11C5616C8F22E00BFEAB2 /* Products */;
			projectDirPath = "";
			projectRoot = "";
			targets = (
				91D11C5416C8F22E00BFEAB2 /* FindUnprefixedClasses */,
			);
		};
/* End PBXProject section */

/* Begin PBXResourcesBuildPhase section */
		91D11C5316C8F22E00BFEAB2 /* Resources */ = {
			isa = PBXResourcesBuildPhase;
			buildActionMask = 2147483647;
			files = (
				91D11C6316C8F22E00BFEAB2 /* InfoPlist.strings in Resources */,
				91D11C6B16C8F22E00BFEAB2 /* Default.png in Resources */,
				91D11C6D16C8F22E00BFEAB2 /* Default@2x.png in Resources */,
				91D11C6F16C8F22E00BFEAB2 /* Default-568h@2x.png in Resources */,
				91D11C7216C8F22E00BFEAB2 /* MainStoryboard.storyboard in Resources */,
			);
			runOnlyForDeploymentPostprocessing = 0;
		};
/* End PBXResourcesBuildPhase section */

/* Begin PBXSourcesBuildPhase section */
		91D11C5116C8F22E00BFEAB2 /* Sources */ = {
			isa = PBXSourcesBuildPhase;
			buildActionMask = 2147483647;
			files = (
				91D11C6516C8F22E00BFEAB2 /* main.m in Sources */,
				91D11C6916C8F22E00BFEAB2 /* NRAppDelegate.m in Sources */,
			);
			runOnlyForDeploymentPostprocessing = 0;
		};
/* End PBXSourcesBuildPhase section */

/* Begin PBXVariantGroup section */
		91D11C6116C8F22E00BFEAB2 /* InfoPlist.strings */ = {
			isa = PBXVariantGroup;
			children = (
				91D11C6216C8F22E00BFEAB2 /* en */,
			);
			name = InfoPlist.strings;
			sourceTree = "<group>";
		};
		91D11C7016C8F22E00BFEAB2 /* MainStoryboard.storyboard */ = {
			isa = PBXVariantGroup;
			children = (
				91D11C7116C8F22E00BFEAB2 /* en */,
			);
			name = MainStoryboard.storyboard;
			sourceTree = "<group>";
		};
/* End PBXVariantGroup section */

/* Begin XCBuildConfiguration section */
		91D11C7616C8F22E00BFEAB2 /* Debug */ = {
			isa = XCBuildConfiguration;
			buildSettings = {
				ALWAYS_SEARCH_USER_PATHS = NO;
				CLANG_CXX_LANGUAGE_STANDARD = "gnu++0x";
				CLANG_CXX_LIBRARY = "libc++";
				CLANG_ENABLE_OBJC_ARC = YES;
				CLANG_WARN_CONSTANT_CONVERSION = YES;
				CLANG_WARN_EMPTY_BODY = YES;
				CLANG_WARN_ENUM_CONVERSION = YES;
				CLANG_WARN_INT_CONVERSION = YES;
				CLANG_WARN__DUPLICATE_METHOD_MATCH = YES;
				"CODE_SIGN_IDENTITY[sdk=iphoneos*]" = "iPhone Developer";
				COPY_PHASE_STRIP = NO;
				GCC_C_LANGUAGE_STANDARD = gnu99;
				GCC_DYNAMIC_NO_PIC = NO;
				GCC_OPTIMIZATION_LEVEL = 0;
				GCC_PREPROCESSOR_DEFINITIONS = (
					"DEBUG=1",
					"$(inherited)",
				);
				GCC_SYMBOLS_PRIVATE_EXTERN = NO;
				GCC_WARN_ABOUT_RETURN_TYPE = YES;
				GCC_WARN_UNINITIALIZED_AUTOS = YES;
				GCC_WARN_UNUSED_VARIABLE = YES;
				IPHONEOS_DEPLOYMENT_TARGET = 6.1;
				ONLY_ACTIVE_ARCH = YES;
				SDKROOT = iphoneos;
			};
			name = Debug;
		};
		91D11C7716C8F22E00BFEAB2 /* Release */ = {
			isa = XCBuildConfiguration;
			buildSettings = {
				ALWAYS_SEARCH_USER_PATHS = NO;
				CLANG_CXX_LANGUAGE_STANDARD = "gnu++0x";
				CLANG_CXX_LIBRARY = "libc++";
				CLANG_ENABLE_OBJC_ARC = YES;
				CLANG_WARN_CONSTANT_CONVERSION = YES;
				CLANG_WARN_EMPTY_BODY = YES;
				CLANG_WARN_ENUM_CONVERSION = YES;
				CLANG_WARN_INT_CONVERSION = YES;
				CLANG_WARN__DUPLICATE_METHOD_MATCH = YES;
				"CODE_SIGN_IDENTITY[sdk=iphoneos*]" = "iPhone Developer";
				COPY_PHASE_STRIP = YES;
				GCC_C_LANGUAGE_STANDARD = gnu99;
				GCC_WARN_ABOUT_RETURN_TYPE = YES;
				GCC_WARN_UNINITIALIZED_AUTOS = YES;
				GCC_WARN_UNUSED_VARIABLE = YES;
				IPHONEOS_DEPLOYMENT_TARGET = 6.1;
				OTHER_CFLAGS = "-DNS_BLOCK_ASSERTIONS=1";
				SDKROOT = iphoneos;
				VALIDATE_PRODUCT = YES;
			};
			name = Release;
		};
		91D11C7916C8F22E00BFEAB2 /* Debug */ = {
			isa = XCBuildConfiguration;
			buildSettings = {
				GCC_PRECOMPILE_PREFIX_HEADER = YES;
				GCC_PREFIX_HEADER = "FindUnprefixedClasses/FindUnprefixedClasses-Prefix.pch";
				INFOPLIST_FILE = "FindUnprefixedClasses/FindUnprefixedClasses-Info.plist";
				PRODUCT_NAME = "$(TARGET_NAME)";
				WRAPPER_EXTENSION = app;
			};
			name = Debug;
		};
		91D11C7A16C8F22E00BFEAB2 /* Release */ = {
			isa = XCBuildConfiguration;
			buildSettings = {
				GCC_PRECOMPILE_PREFIX_HEADER = YES;
				GCC_PREFIX_HEADER = "FindUnprefixedClasses/FindUnprefixedClasses-Prefix.pch";
				INFOPLIST_FILE = "FindUnprefixedClasses/FindUnprefixedClasses-Info.plist";
				PRODUCT_NAME = "$(TARGET_NAME)";
				WRAPPER_EXTENSION = app;
			};
			name = Release;
		};
/* End XCBuildConfiguration section */

/* Begin XCConfigurationList section */
		91D11C5016C8F22E00BFEAB2 /* Build configuration list for PBXProject "FindUnprefixedClasses" */ = {
			isa = XCConfigurationList;
			buildConfigurations = (
				91D11C7616C8F22E00BFEAB2 /* Debug */,
				91D11C7716C8F22E00BFEAB2 /* Release */,
			);
			defaultConfigurationIsVisible = 0;
			defaultConfigurationName = Release;
		};
		91D11C7816C8F22E00BFEAB2 /* Build configuration list for PBXNativeTarget "FindUnprefixedClasses" */ = {
			isa = XCConfigurationList;
			buildConfigurations = (
				91D11C7916C8F22E00BFEAB2 /* Debug */,
				91D11C7A16C8F22E00BFEAB2 /* Release */,
			);
			defaultConfigurationIsVisible = 0;
			defaultConfigurationName = Release;
		};
/* End XCConfigurationList section */
	};
	rootObject = 91D11C4D16C8F22E00BFEAB2 /* Project object */;
}
